{
  "originHash" : "ace205d08131dd59e715be777f4b35af1a223ed5daf361802417d7ffe40e1e0a",
  "pins" : [
    {
      "identity" : "cachingplayeritem",
      "kind" : "remoteSourceControl",
      "location" : "https://github.com/sukov/CachingPlayerItem.git",
      "state" : {
        "revision" : "cc00381e252ac9b2a7b691e1da6a598bd7517bdc",
        "version" : "2.2.0"
      }
    },
    {
      "identity" : "nuke",
      "kind" : "remoteSourceControl",
      "location" : "https://github.com/kean/Nuke.git",
      "state" : {
        "revision" : "83e19143355b02e9261edb2323b3e1e93287ebb9",
        "version" : "12.9.0"
      }
    },
    {
      "identity" : "snapkit",
      "kind" : "remoteSourceControl",
      "location" : "https://github.com/SnapKit/SnapKit.git",
      "state" : {
        "revision" : "2842e6e84e82eb9a8dac0100ca90d9444b0307f4",
        "version" : "5.7.1"
      }
    }
  ],
  "version" : 3
}
